<?xml version="1.0" encoding="UTF-8"?>
<!DOCTYPE plist PUBLIC "-//Apple//DTD PLIST 1.0//EN" "http://www.apple.com/DTDs/PropertyList-1.0.dtd">
<plist version="1.0">
<dict>
	<key>archiveVersion</key>
	<string>1</string>
	<key>classes</key>
	<dict/>
	<key>objectVersion</key>
	<string>46</string>
	<key>objects</key>
	<dict>
		<key>029DFA8F1764E26F00D022FC</key>
		<dict>
			<key>children</key>
			<array>
				<string>029DFAA11764E26F00D022FC</string>
				<string>029DFA9A1764E26F00D022FC</string>
				<string>029DFA991764E26F00D022FC</string>
				<string>2B7CCAAA84C048368DDCECC2</string>
			</array>
			<key>isa</key>
			<string>PBXGroup</string>
			<key>sourceTree</key>
			<string>&lt;group&gt;</string>
		</dict>
		<key>029DFA901764E26F00D022FC</key>
		<dict>
			<key>attributes</key>
			<dict>
				<key>CLASSPREFIX</key>
				<string>BC</string>
				<key>LastUpgradeCheck</key>
				<string>0460</string>
				<key>ORGANIZATIONNAME</key>
				<string>Fluidvision Design, LLC</string>
			</dict>
			<key>buildConfigurationList</key>
			<string>029DFA931764E26F00D022FC</string>
			<key>compatibilityVersion</key>
			<string>Xcode 3.2</string>
			<key>developmentRegion</key>
			<string>English</string>
			<key>hasScannedForEncodings</key>
			<string>0</string>
			<key>isa</key>
			<string>PBXProject</string>
			<key>knownRegions</key>
			<array>
				<string>en</string>
			</array>
			<key>mainGroup</key>
			<string>029DFA8F1764E26F00D022FC</string>
			<key>productRefGroup</key>
			<string>029DFA991764E26F00D022FC</string>
			<key>projectDirPath</key>
			<string></string>
			<key>projectReferences</key>
			<array/>
			<key>projectRoot</key>
			<string></string>
			<key>targets</key>
			<array>
				<string>029DFA971764E26F00D022FC</string>
			</array>
		</dict>
		<key>029DFA931764E26F00D022FC</key>
		<dict>
			<key>buildConfigurations</key>
			<array>
				<string>029DFABC1764E26F00D022FC</string>
				<string>029DFABD1764E26F00D022FC</string>
			</array>
			<key>defaultConfigurationIsVisible</key>
			<string>0</string>
			<key>defaultConfigurationName</key>
			<string>Release</string>
			<key>isa</key>
			<string>XCConfigurationList</string>
		</dict>
		<key>029DFA941764E26F00D022FC</key>
		<dict>
			<key>buildActionMask</key>
			<string>2147483647</string>
			<key>files</key>
			<array>
				<string>029DFAA81764E26F00D022FC</string>
				<string>029DFAAC1764E26F00D022FC</string>
				<string>029DFAC81764E84900D022FC</string>
			</array>
			<key>isa</key>
			<string>PBXSourcesBuildPhase</string>
			<key>runOnlyForDeploymentPostprocessing</key>
			<string>0</string>
		</dict>
		<key>029DFA951764E26F00D022FC</key>
		<dict>
			<key>buildActionMask</key>
			<string>2147483647</string>
			<key>files</key>
			<array>
				<string>029DFA9C1764E26F00D022FC</string>
				<string>029DFA9E1764E26F00D022FC</string>
				<string>029DFAA01764E26F00D022FC</string>
				<string>C9E2AE0CD97C40A8BCA2FEB7</string>
			</array>
			<key>isa</key>
			<string>PBXFrameworksBuildPhase</string>
			<key>runOnlyForDeploymentPostprocessing</key>
			<string>0</string>
		</dict>
		<key>029DFA961764E26F00D022FC</key>
		<dict>
			<key>buildActionMask</key>
			<string>2147483647</string>
			<key>files</key>
			<array>
				<string>029DFAA61764E26F00D022FC</string>
				<string>029DFAAE1764E26F00D022FC</string>
				<string>029DFAB01764E26F00D022FC</string>
				<string>029DFAB21764E26F00D022FC</string>
				<string>029DFAC31764E46600D022FC</string>
				<string>029DFAC51764E48D00D022FC</string>
			</array>
			<key>isa</key>
			<string>PBXResourcesBuildPhase</string>
			<key>runOnlyForDeploymentPostprocessing</key>
			<string>0</string>
		</dict>
		<key>029DFA971764E26F00D022FC</key>
		<dict>
			<key>buildConfigurationList</key>
			<string>029DFABE1764E26F00D022FC</string>
			<key>buildPhases</key>
			<array>
				<string>ADD0D30A80ED4C2C9D38BF84</string>
				<string>029DFA941764E26F00D022FC</string>
				<string>029DFA951764E26F00D022FC</string>
				<string>029DFA961764E26F00D022FC</string>
				<string>215CE827BCCD4A818019805D</string>
			</array>
			<key>buildRules</key>
			<array/>
			<key>dependencies</key>
			<array/>
			<key>isa</key>
			<string>PBXNativeTarget</string>
			<key>name</key>
			<string>BirthCoach</string>
			<key>productName</key>
			<string>BirthCoach</string>
			<key>productReference</key>
			<string>029DFA981764E26F00D022FC</string>
			<key>productType</key>
			<string>com.apple.product-type.application</string>
		</dict>
		<key>029DFA981764E26F00D022FC</key>
		<dict>
			<key>explicitFileType</key>
			<string>wrapper.application</string>
			<key>includeInIndex</key>
			<string>0</string>
			<key>isa</key>
			<string>PBXFileReference</string>
			<key>path</key>
			<string>BirthCoach.app</string>
			<key>sourceTree</key>
			<string>BUILT_PRODUCTS_DIR</string>
		</dict>
		<key>029DFA991764E26F00D022FC</key>
		<dict>
			<key>children</key>
			<array>
				<string>029DFA981764E26F00D022FC</string>
			</array>
			<key>isa</key>
			<string>PBXGroup</string>
			<key>name</key>
			<string>Products</string>
			<key>sourceTree</key>
			<string>&lt;group&gt;</string>
		</dict>
		<key>029DFA9A1764E26F00D022FC</key>
		<dict>
			<key>children</key>
			<array>
				<string>029DFA9B1764E26F00D022FC</string>
				<string>029DFA9D1764E26F00D022FC</string>
				<string>029DFA9F1764E26F00D022FC</string>
				<string>3CC1052A2AEA4BF4BDF32D7C</string>
			</array>
			<key>isa</key>
			<string>PBXGroup</string>
			<key>name</key>
			<string>Frameworks</string>
			<key>sourceTree</key>
			<string>&lt;group&gt;</string>
		</dict>
		<key>029DFA9B1764E26F00D022FC</key>
		<dict>
			<key>isa</key>
			<string>PBXFileReference</string>
			<key>lastKnownFileType</key>
			<string>wrapper.framework</string>
			<key>name</key>
			<string>UIKit.framework</string>
			<key>path</key>
			<string>System/Library/Frameworks/UIKit.framework</string>
			<key>sourceTree</key>
			<string>SDKROOT</string>
		</dict>
		<key>029DFA9C1764E26F00D022FC</key>
		<dict>
			<key>fileRef</key>
			<string>029DFA9B1764E26F00D022FC</string>
			<key>isa</key>
			<string>PBXBuildFile</string>
		</dict>
		<key>029DFA9D1764E26F00D022FC</key>
		<dict>
			<key>isa</key>
			<string>PBXFileReference</string>
			<key>lastKnownFileType</key>
			<string>wrapper.framework</string>
			<key>name</key>
			<string>Foundation.framework</string>
			<key>path</key>
			<string>System/Library/Frameworks/Foundation.framework</string>
			<key>sourceTree</key>
			<string>SDKROOT</string>
		</dict>
		<key>029DFA9E1764E26F00D022FC</key>
		<dict>
			<key>fileRef</key>
			<string>029DFA9D1764E26F00D022FC</string>
			<key>isa</key>
			<string>PBXBuildFile</string>
		</dict>
		<key>029DFA9F1764E26F00D022FC</key>
		<dict>
			<key>isa</key>
			<string>PBXFileReference</string>
			<key>lastKnownFileType</key>
			<string>wrapper.framework</string>
			<key>name</key>
			<string>CoreGraphics.framework</string>
			<key>path</key>
			<string>System/Library/Frameworks/CoreGraphics.framework</string>
			<key>sourceTree</key>
			<string>SDKROOT</string>
		</dict>
		<key>029DFAA01764E26F00D022FC</key>
		<dict>
			<key>fileRef</key>
			<string>029DFA9F1764E26F00D022FC</string>
			<key>isa</key>
			<string>PBXBuildFile</string>
		</dict>
		<key>029DFAA11764E26F00D022FC</key>
		<dict>
			<key>children</key>
			<array>
				<string>029DFACA1764E89900D022FC</string>
				<string>029DFAC91764E89200D022FC</string>
				<string>029DFAC11764E3C300D022FC</string>
				<string>029DFAAA1764E26F00D022FC</string>
				<string>029DFAAB1764E26F00D022FC</string>
				<string>029DFAA21764E26F00D022FC</string>
			</array>
			<key>isa</key>
			<string>PBXGroup</string>
			<key>path</key>
			<string>BirthCoach</string>
			<key>sourceTree</key>
			<string>&lt;group&gt;</string>
		</dict>
		<key>029DFAA21764E26F00D022FC</key>
		<dict>
			<key>children</key>
			<array>
				<string>029DFAA31764E26F00D022FC</string>
				<string>029DFAA41764E26F00D022FC</string>
				<string>029DFAA71764E26F00D022FC</string>
				<string>029DFAA91764E26F00D022FC</string>
				<string>029DFAAD1764E26F00D022FC</string>
				<string>029DFAAF1764E26F00D022FC</string>
				<string>029DFAB11764E26F00D022FC</string>
				<string>029DFAC61764E84900D022FC</string>
			</array>
			<key>isa</key>
			<string>PBXGroup</string>
			<key>name</key>
			<string>Supporting Files</string>
			<key>sourceTree</key>
			<string>&lt;group&gt;</string>
		</dict>
		<key>029DFAA31764E26F00D022FC</key>
		<dict>
			<key>isa</key>
			<string>PBXFileReference</string>
			<key>lastKnownFileType</key>
			<string>text.plist.xml</string>
			<key>path</key>
			<string>BirthCoach-Info.plist</string>
			<key>sourceTree</key>
			<string>&lt;group&gt;</string>
		</dict>
		<key>029DFAA41764E26F00D022FC</key>
		<dict>
			<key>children</key>
			<array>
				<string>029DFAA51764E26F00D022FC</string>
			</array>
			<key>isa</key>
			<string>PBXVariantGroup</string>
			<key>name</key>
			<string>InfoPlist.strings</string>
			<key>sourceTree</key>
			<string>&lt;group&gt;</string>
		</dict>
		<key>029DFAA51764E26F00D022FC</key>
		<dict>
			<key>isa</key>
			<string>PBXFileReference</string>
			<key>lastKnownFileType</key>
			<string>text.plist.strings</string>
			<key>name</key>
			<string>en</string>
			<key>path</key>
			<string>en.lproj/InfoPlist.strings</string>
			<key>sourceTree</key>
			<string>&lt;group&gt;</string>
		</dict>
		<key>029DFAA61764E26F00D022FC</key>
		<dict>
			<key>fileRef</key>
			<string>029DFAA41764E26F00D022FC</string>
			<key>isa</key>
			<string>PBXBuildFile</string>
		</dict>
		<key>029DFAA71764E26F00D022FC</key>
		<dict>
			<key>isa</key>
			<string>PBXFileReference</string>
			<key>lastKnownFileType</key>
			<string>sourcecode.c.objc</string>
			<key>path</key>
			<string>main.m</string>
			<key>sourceTree</key>
			<string>&lt;group&gt;</string>
		</dict>
		<key>029DFAA81764E26F00D022FC</key>
		<dict>
			<key>fileRef</key>
			<string>029DFAA71764E26F00D022FC</string>
			<key>isa</key>
			<string>PBXBuildFile</string>
		</dict>
		<key>029DFAA91764E26F00D022FC</key>
		<dict>
			<key>isa</key>
			<string>PBXFileReference</string>
			<key>lastKnownFileType</key>
			<string>sourcecode.c.h</string>
			<key>path</key>
			<string>BirthCoach-Prefix.pch</string>
			<key>sourceTree</key>
			<string>&lt;group&gt;</string>
		</dict>
		<key>029DFAAA1764E26F00D022FC</key>
		<dict>
			<key>isa</key>
			<string>PBXFileReference</string>
			<key>lastKnownFileType</key>
			<string>sourcecode.c.h</string>
			<key>path</key>
			<string>BCAppDelegate.h</string>
			<key>sourceTree</key>
			<string>&lt;group&gt;</string>
		</dict>
		<key>029DFAAB1764E26F00D022FC</key>
		<dict>
			<key>isa</key>
			<string>PBXFileReference</string>
			<key>lastKnownFileType</key>
			<string>sourcecode.c.objc</string>
			<key>path</key>
			<string>BCAppDelegate.m</string>
			<key>sourceTree</key>
			<string>&lt;group&gt;</string>
		</dict>
		<key>029DFAAC1764E26F00D022FC</key>
		<dict>
			<key>fileRef</key>
			<string>029DFAAB1764E26F00D022FC</string>
			<key>isa</key>
			<string>PBXBuildFile</string>
		</dict>
		<key>029DFAAD1764E26F00D022FC</key>
		<dict>
			<key>isa</key>
			<string>PBXFileReference</string>
			<key>lastKnownFileType</key>
			<string>image.png</string>
			<key>path</key>
			<string>Default.png</string>
			<key>sourceTree</key>
			<string>&lt;group&gt;</string>
		</dict>
		<key>029DFAAE1764E26F00D022FC</key>
		<dict>
			<key>fileRef</key>
			<string>029DFAAD1764E26F00D022FC</string>
			<key>isa</key>
			<string>PBXBuildFile</string>
		</dict>
		<key>029DFAAF1764E26F00D022FC</key>
		<dict>
			<key>isa</key>
			<string>PBXFileReference</string>
			<key>lastKnownFileType</key>
			<string>image.png</string>
			<key>path</key>
			<string>Default@2x.png</string>
			<key>sourceTree</key>
			<string>&lt;group&gt;</string>
		</dict>
		<key>029DFAB01764E26F00D022FC</key>
		<dict>
			<key>fileRef</key>
			<string>029DFAAF1764E26F00D022FC</string>
			<key>isa</key>
			<string>PBXBuildFile</string>
		</dict>
		<key>029DFAB11764E26F00D022FC</key>
		<dict>
			<key>isa</key>
			<string>PBXFileReference</string>
			<key>lastKnownFileType</key>
			<string>image.png</string>
			<key>path</key>
			<string>Default-568h@2x.png</string>
			<key>sourceTree</key>
			<string>&lt;group&gt;</string>
		</dict>
		<key>029DFAB21764E26F00D022FC</key>
		<dict>
			<key>fileRef</key>
			<string>029DFAB11764E26F00D022FC</string>
			<key>isa</key>
			<string>PBXBuildFile</string>
		</dict>
		<key>029DFABC1764E26F00D022FC</key>
		<dict>
			<key>buildSettings</key>
			<dict>
				<key>ALWAYS_SEARCH_USER_PATHS</key>
				<string>NO</string>
				<key>CLANG_CXX_LANGUAGE_STANDARD</key>
				<string>gnu++0x</string>
				<key>CLANG_CXX_LIBRARY</key>
				<string>libc++</string>
				<key>CLANG_ENABLE_OBJC_ARC</key>
				<string>YES</string>
				<key>CLANG_WARN_CONSTANT_CONVERSION</key>
				<string>YES</string>
				<key>CLANG_WARN_EMPTY_BODY</key>
				<string>YES</string>
				<key>CLANG_WARN_ENUM_CONVERSION</key>
				<string>YES</string>
				<key>CLANG_WARN_INT_CONVERSION</key>
				<string>YES</string>
				<key>CLANG_WARN__DUPLICATE_METHOD_MATCH</key>
				<string>YES</string>
				<key>CODE_SIGN_IDENTITY[sdk=iphoneos*]</key>
				<string>iPhone Developer</string>
				<key>COPY_PHASE_STRIP</key>
				<string>NO</string>
				<key>GCC_C_LANGUAGE_STANDARD</key>
				<string>gnu99</string>
				<key>GCC_DYNAMIC_NO_PIC</key>
				<string>NO</string>
				<key>GCC_OPTIMIZATION_LEVEL</key>
				<string>0</string>
				<key>GCC_PREPROCESSOR_DEFINITIONS</key>
				<array>
					<string>DEBUG=1</string>
					<string>$(inherited)</string>
				</array>
				<key>GCC_SYMBOLS_PRIVATE_EXTERN</key>
				<string>NO</string>
				<key>GCC_WARN_ABOUT_RETURN_TYPE</key>
				<string>YES</string>
				<key>GCC_WARN_UNINITIALIZED_AUTOS</key>
				<string>YES</string>
				<key>GCC_WARN_UNUSED_VARIABLE</key>
				<string>YES</string>
				<key>IPHONEOS_DEPLOYMENT_TARGET</key>
				<string>6.1</string>
				<key>ONLY_ACTIVE_ARCH</key>
				<string>YES</string>
				<key>SDKROOT</key>
				<string>iphoneos</string>
				<key>TARGETED_DEVICE_FAMILY</key>
				<string>1,2</string>
			</dict>
			<key>isa</key>
			<string>XCBuildConfiguration</string>
			<key>name</key>
			<string>Debug</string>
		</dict>
		<key>029DFABD1764E26F00D022FC</key>
		<dict>
			<key>buildSettings</key>
			<dict>
				<key>ALWAYS_SEARCH_USER_PATHS</key>
				<string>NO</string>
				<key>CLANG_CXX_LANGUAGE_STANDARD</key>
				<string>gnu++0x</string>
				<key>CLANG_CXX_LIBRARY</key>
				<string>libc++</string>
				<key>CLANG_ENABLE_OBJC_ARC</key>
				<string>YES</string>
				<key>CLANG_WARN_CONSTANT_CONVERSION</key>
				<string>YES</string>
				<key>CLANG_WARN_EMPTY_BODY</key>
				<string>YES</string>
				<key>CLANG_WARN_ENUM_CONVERSION</key>
				<string>YES</string>
				<key>CLANG_WARN_INT_CONVERSION</key>
				<string>YES</string>
				<key>CLANG_WARN__DUPLICATE_METHOD_MATCH</key>
				<string>YES</string>
				<key>CODE_SIGN_IDENTITY[sdk=iphoneos*]</key>
				<string>iPhone Developer</string>
				<key>COPY_PHASE_STRIP</key>
				<string>YES</string>
				<key>GCC_C_LANGUAGE_STANDARD</key>
				<string>gnu99</string>
				<key>GCC_WARN_ABOUT_RETURN_TYPE</key>
				<string>YES</string>
				<key>GCC_WARN_UNINITIALIZED_AUTOS</key>
				<string>YES</string>
				<key>GCC_WARN_UNUSED_VARIABLE</key>
				<string>YES</string>
				<key>IPHONEOS_DEPLOYMENT_TARGET</key>
				<string>6.1</string>
				<key>OTHER_CFLAGS</key>
				<string>-DNS_BLOCK_ASSERTIONS=1</string>
				<key>SDKROOT</key>
				<string>iphoneos</string>
				<key>TARGETED_DEVICE_FAMILY</key>
				<string>1,2</string>
				<key>VALIDATE_PRODUCT</key>
				<string>YES</string>
			</dict>
			<key>isa</key>
			<string>XCBuildConfiguration</string>
			<key>name</key>
			<string>Release</string>
		</dict>
		<key>029DFABE1764E26F00D022FC</key>
		<dict>
			<key>buildConfigurations</key>
			<array>
				<string>029DFABF1764E26F00D022FC</string>
				<string>029DFAC01764E26F00D022FC</string>
			</array>
			<key>defaultConfigurationIsVisible</key>
			<string>0</string>
			<key>isa</key>
			<string>XCConfigurationList</string>
		</dict>
		<key>029DFABF1764E26F00D022FC</key>
		<dict>
			<key>baseConfigurationReference</key>
			<string>2B7CCAAA84C048368DDCECC2</string>
			<key>buildSettings</key>
			<dict>
				<key>GCC_PRECOMPILE_PREFIX_HEADER</key>
				<string>YES</string>
				<key>GCC_PREFIX_HEADER</key>
				<string>BirthCoach/BirthCoach-Prefix.pch</string>
				<key>INFOPLIST_FILE</key>
				<string>BirthCoach/BirthCoach-Info.plist</string>
				<key>IPHONEOS_DEPLOYMENT_TARGET</key>
				<string>6.0</string>
				<key>PRODUCT_NAME</key>
				<string>$(TARGET_NAME)</string>
				<key>WRAPPER_EXTENSION</key>
				<string>app</string>
			</dict>
			<key>isa</key>
			<string>XCBuildConfiguration</string>
			<key>name</key>
			<string>Debug</string>
		</dict>
		<key>029DFAC01764E26F00D022FC</key>
		<dict>
			<key>baseConfigurationReference</key>
			<string>2B7CCAAA84C048368DDCECC2</string>
			<key>buildSettings</key>
			<dict>
				<key>GCC_PRECOMPILE_PREFIX_HEADER</key>
				<string>YES</string>
				<key>GCC_PREFIX_HEADER</key>
				<string>BirthCoach/BirthCoach-Prefix.pch</string>
				<key>INFOPLIST_FILE</key>
				<string>BirthCoach/BirthCoach-Info.plist</string>
				<key>IPHONEOS_DEPLOYMENT_TARGET</key>
				<string>6.0</string>
				<key>PRODUCT_NAME</key>
				<string>$(TARGET_NAME)</string>
				<key>WRAPPER_EXTENSION</key>
				<string>app</string>
			</dict>
			<key>isa</key>
			<string>XCBuildConfiguration</string>
			<key>name</key>
			<string>Release</string>
		</dict>
		<key>029DFAC11764E3C300D022FC</key>
		<dict>
			<key>children</key>
			<array>
				<string>029DFAC21764E46600D022FC</string>
				<string>029DFAC41764E48D00D022FC</string>
			</array>
			<key>isa</key>
			<string>PBXGroup</string>
			<key>name</key>
			<string>Storyboards</string>
			<key>path</key>
			<string>..</string>
			<key>sourceTree</key>
			<string>&lt;group&gt;</string>
		</dict>
		<key>029DFAC21764E46600D022FC</key>
		<dict>
			<key>fileEncoding</key>
			<string>4</string>
			<key>isa</key>
			<string>PBXFileReference</string>
			<key>lastKnownFileType</key>
			<string>file.storyboard</string>
			<key>name</key>
			<string>MainStoryboard_iPhone.storyboard</string>
			<key>path</key>
			<string>BirthCoach/Storyboards/MainStoryboard_iPhone.storyboard</string>
			<key>sourceTree</key>
			<string>&lt;group&gt;</string>
		</dict>
		<key>029DFAC31764E46600D022FC</key>
		<dict>
			<key>fileRef</key>
			<string>029DFAC21764E46600D022FC</string>
			<key>isa</key>
			<string>PBXBuildFile</string>
		</dict>
		<key>029DFAC41764E48D00D022FC</key>
		<dict>
			<key>fileEncoding</key>
			<string>4</string>
			<key>isa</key>
			<string>PBXFileReference</string>
			<key>lastKnownFileType</key>
			<string>file.storyboard</string>
			<key>name</key>
			<string>MainStoryboard_iPad.storyboard</string>
			<key>path</key>
			<string>BirthCoach/Storyboards/MainStoryboard_iPad.storyboard</string>
			<key>sourceTree</key>
			<string>&lt;group&gt;</string>
		</dict>
		<key>029DFAC51764E48D00D022FC</key>
		<dict>
			<key>fileRef</key>
			<string>029DFAC41764E48D00D022FC</string>
			<key>isa</key>
			<string>PBXBuildFile</string>
		</dict>
		<key>029DFAC61764E84900D022FC</key>
		<dict>
			<key>children</key>
			<array>
				<string>029DFAC71764E84900D022FC</string>
			</array>
			<key>currentVersion</key>
			<string>029DFAC71764E84900D022FC</string>
			<key>isa</key>
			<string>XCVersionGroup</string>
			<key>path</key>
			<string>BirthCoach.xcdatamodeld</string>
			<key>sourceTree</key>
			<string>&lt;group&gt;</string>
			<key>versionGroupType</key>
			<string>wrapper.xcdatamodel</string>
		</dict>
		<key>029DFAC71764E84900D022FC</key>
		<dict>
			<key>isa</key>
			<string>PBXFileReference</string>
			<key>lastKnownFileType</key>
			<string>wrapper.xcdatamodel</string>
			<key>path</key>
			<string>BirthCoach.xcdatamodel</string>
			<key>sourceTree</key>
			<string>&lt;group&gt;</string>
		</dict>
		<key>029DFAC81764E84900D022FC</key>
		<dict>
			<key>fileRef</key>
			<string>029DFAC61764E84900D022FC</string>
			<key>isa</key>
			<string>PBXBuildFile</string>
		</dict>
		<key>029DFAC91764E89200D022FC</key>
		<dict>
			<key>children</key>
			<array/>
			<key>isa</key>
			<string>PBXGroup</string>
			<key>name</key>
			<string>View Controllers</string>
			<key>sourceTree</key>
			<string>&lt;group&gt;</string>
		</dict>
		<key>029DFACA1764E89900D022FC</key>
		<dict>
			<key>children</key>
			<array/>
			<key>isa</key>
			<string>PBXGroup</string>
			<key>name</key>
			<string>Models</string>
			<key>sourceTree</key>
			<string>&lt;group&gt;</string>
		</dict>
		<key>215CE827BCCD4A818019805D</key>
		<dict>
			<key>buildActionMask</key>
			<string>2147483647</string>
			<key>files</key>
			<array/>
			<key>inputPaths</key>
			<array/>
			<key>isa</key>
			<string>PBXShellScriptBuildPhase</string>
			<key>name</key>
			<string>Copy Pods Resources</string>
			<key>outputPaths</key>
			<array/>
			<key>runOnlyForDeploymentPostprocessing</key>
			<string>0</string>
			<key>shellPath</key>
			<string>/bin/sh</string>
			<key>shellScript</key>
			<string>"${SRCROOT}/Pods/Pods-resources.sh"
</string>
			<key>showEnvVarsInLog</key>
			<string>1</string>
		</dict>
		<key>2B7CCAAA84C048368DDCECC2</key>
		<dict>
			<key>includeInIndex</key>
			<string>1</string>
			<key>isa</key>
			<string>PBXFileReference</string>
			<key>lastKnownFileType</key>
			<string>text.xcconfig</string>
			<key>name</key>
			<string>Pods.xcconfig</string>
			<key>path</key>
			<string>Pods/Pods.xcconfig</string>
			<key>sourceTree</key>
			<string>SOURCE_ROOT</string>
		</dict>
		<key>3CC1052A2AEA4BF4BDF32D7C</key>
		<dict>
			<key>explicitFileType</key>
			<string>archive.ar</string>
			<key>includeInIndex</key>
			<string>0</string>
			<key>isa</key>
			<string>PBXFileReference</string>
			<key>name</key>
			<string>libPods.a</string>
			<key>path</key>
			<string>libPods.a</string>
			<key>sourceTree</key>
			<string>BUILT_PRODUCTS_DIR</string>
		</dict>
		<key>ADD0D30A80ED4C2C9D38BF84</key>
		<dict>
			<key>buildActionMask</key>
			<string>2147483647</string>
			<key>files</key>
			<array/>
			<key>inputPaths</key>
			<array/>
			<key>isa</key>
			<string>PBXShellScriptBuildPhase</string>
			<key>name</key>
			<string>Check Pods Manifest.lock</string>
			<key>outputPaths</key>
			<array/>
			<key>runOnlyForDeploymentPostprocessing</key>
			<string>0</string>
			<key>shellPath</key>
			<string>/bin/sh</string>
			<key>shellScript</key>
			<string>diff "${PODS_ROOT}/../Podfile.lock" "${PODS_ROOT}/Manifest.lock" &gt; /dev/null
if [[ $? != 0 ]] ; then
    cat &lt;&lt; EOM
error: The sandbox is not in sync with the Podfile.lock. Run 'pod install' or update your CocoaPods installation.
EOM
    exit 1
fi
</string>
			<key>showEnvVarsInLog</key>
			<string>1</string>
		</dict>
		<key>C9E2AE0CD97C40A8BCA2FEB7</key>
		<dict>
			<key>fileRef</key>
			<string>3CC1052A2AEA4BF4BDF32D7C</string>
			<key>isa</key>
			<string>PBXBuildFile</string>
			<key>settings</key>
			<dict/>
		</dict>
	</dict>
	<key>rootObject</key>
	<string>029DFA901764E26F00D022FC</string>
</dict>
</plist>
